// !$*UTF8*$!
{
	archiveVersion = 1;
	classes = {
	};
	objectVersion = 52;
	objects = {

/* Begin PBXBuildFile section */
		1709020E2697A9D900D1993D /* AppDelegate.swift in Sources */ = {isa = PBXBuildFile; fileRef = 1709020D2697A9D900D1993D /* AppDelegate.swift */; };
		170902102697A9D900D1993D /* SceneDelegate.swift in Sources */ = {isa = PBXBuildFile; fileRef = 1709020F2697A9D900D1993D /* SceneDelegate.swift */; };
		170902152697A9D900D1993D /* Main.storyboard in Resources */ = {isa = PBXBuildFile; fileRef = 170902132697A9D900D1993D /* Main.storyboard */; };
		170902172697A9DA00D1993D /* Assets.xcassets in Resources */ = {isa = PBXBuildFile; fileRef = 170902162697A9DA00D1993D /* Assets.xcassets */; };
		1709021A2697A9DA00D1993D /* LaunchScreen.storyboard in Resources */ = {isa = PBXBuildFile; fileRef = 170902182697A9DA00D1993D /* LaunchScreen.storyboard */; };
		170902252697A9DA00D1993D /* FlixAppTests.swift in Sources */ = {isa = PBXBuildFile; fileRef = 170902242697A9DA00D1993D /* FlixAppTests.swift */; };
		170902302697A9DA00D1993D /* FlixAppUITests.swift in Sources */ = {isa = PBXBuildFile; fileRef = 1709022F2697A9DA00D1993D /* FlixAppUITests.swift */; };
		1709023E2697AB6C00D1993D /* MoviesViewController.swift in Sources */ = {isa = PBXBuildFile; fileRef = 1709023D2697AB6C00D1993D /* MoviesViewController.swift */; };
		1709024026981E9C00D1993D /* MovieCell.swift in Sources */ = {isa = PBXBuildFile; fileRef = 1709023F26981E9C00D1993D /* MovieCell.swift */; };
		17090243269821F600D1993D /* AlamofireImage in Frameworks */ = {isa = PBXBuildFile; productRef = 17090242269821F600D1993D /* AlamofireImage */; };
		17EDCCD226A20CF3005B8378 /* MovieDetailsViewController.swift in Sources */ = {isa = PBXBuildFile; fileRef = 17EDCCD126A20CF3005B8378 /* MovieDetailsViewController.swift */; };
		17EDCCD426A217BD005B8378 /* MovieGridViewController.swift in Sources */ = {isa = PBXBuildFile; fileRef = 17EDCCD326A217BD005B8378 /* MovieGridViewController.swift */; };
		17EDCCD626A21BCC005B8378 /* MovieGridCell.swift in Sources */ = {isa = PBXBuildFile; fileRef = 17EDCCD526A21BCC005B8378 /* MovieGridCell.swift */; };
/* End PBXBuildFile section */

/* Begin PBXContainerItemProxy section */
		170902212697A9DA00D1993D /* PBXContainerItemProxy */ = {
			isa = PBXContainerItemProxy;
			containerPortal = 170902022697A9D900D1993D /* Project object */;
			proxyType = 1;
			remoteGlobalIDString = 170902092697A9D900D1993D;
			remoteInfo = FlixApp;
		};
		1709022C2697A9DA00D1993D /* PBXContainerItemProxy */ = {
			isa = PBXContainerItemProxy;
			containerPortal = 170902022697A9D900D1993D /* Project object */;
			proxyType = 1;
			remoteGlobalIDString = 170902092697A9D900D1993D;
			remoteInfo = FlixApp;
		};
/* End PBXContainerItemProxy section */

/* Begin PBXFileReference section */
		1709020A2697A9D900D1993D /* FlixApp.app */ = {isa = PBXFileReference; explicitFileType = wrapper.application; includeInIndex = 0; path = FlixApp.app; sourceTree = BUILT_PRODUCTS_DIR; };
		1709020D2697A9D900D1993D /* AppDelegate.swift */ = {isa = PBXFileReference; lastKnownFileType = sourcecode.swift; path = AppDelegate.swift; sourceTree = "<group>"; };
		1709020F2697A9D900D1993D /* SceneDelegate.swift */ = {isa = PBXFileReference; lastKnownFileType = sourcecode.swift; path = SceneDelegate.swift; sourceTree = "<group>"; };
		170902142697A9D900D1993D /* Base */ = {isa = PBXFileReference; lastKnownFileType = file.storyboard; name = Base; path = Base.lproj/Main.storyboard; sourceTree = "<group>"; };
		170902162697A9DA00D1993D /* Assets.xcassets */ = {isa = PBXFileReference; lastKnownFileType = folder.assetcatalog; path = Assets.xcassets; sourceTree = "<group>"; };
		170902192697A9DA00D1993D /* Base */ = {isa = PBXFileReference; lastKnownFileType = file.storyboard; name = Base; path = Base.lproj/LaunchScreen.storyboard; sourceTree = "<group>"; };
		1709021B2697A9DA00D1993D /* Info.plist */ = {isa = PBXFileReference; lastKnownFileType = text.plist.xml; path = Info.plist; sourceTree = "<group>"; };
		170902202697A9DA00D1993D /* FlixAppTests.xctest */ = {isa = PBXFileReference; explicitFileType = wrapper.cfbundle; includeInIndex = 0; path = FlixAppTests.xctest; sourceTree = BUILT_PRODUCTS_DIR; };
		170902242697A9DA00D1993D /* FlixAppTests.swift */ = {isa = PBXFileReference; lastKnownFileType = sourcecode.swift; path = FlixAppTests.swift; sourceTree = "<group>"; };
		170902262697A9DA00D1993D /* Info.plist */ = {isa = PBXFileReference; lastKnownFileType = text.plist.xml; path = Info.plist; sourceTree = "<group>"; };
		1709022B2697A9DA00D1993D /* FlixAppUITests.xctest */ = {isa = PBXFileReference; explicitFileType = wrapper.cfbundle; includeInIndex = 0; path = FlixAppUITests.xctest; sourceTree = BUILT_PRODUCTS_DIR; };
		1709022F2697A9DA00D1993D /* FlixAppUITests.swift */ = {isa = PBXFileReference; lastKnownFileType = sourcecode.swift; path = FlixAppUITests.swift; sourceTree = "<group>"; };
		170902312697A9DA00D1993D /* Info.plist */ = {isa = PBXFileReference; lastKnownFileType = text.plist.xml; path = Info.plist; sourceTree = "<group>"; };
		1709023D2697AB6C00D1993D /* MoviesViewController.swift */ = {isa = PBXFileReference; lastKnownFileType = sourcecode.swift; path = MoviesViewController.swift; sourceTree = "<group>"; };
		1709023F26981E9C00D1993D /* MovieCell.swift */ = {isa = PBXFileReference; lastKnownFileType = sourcecode.swift; path = MovieCell.swift; sourceTree = "<group>"; };
		17EDCCD126A20CF3005B8378 /* MovieDetailsViewController.swift */ = {isa = PBXFileReference; lastKnownFileType = sourcecode.swift; path = MovieDetailsViewController.swift; sourceTree = "<group>"; };
		17EDCCD326A217BD005B8378 /* MovieGridViewController.swift */ = {isa = PBXFileReference; lastKnownFileType = sourcecode.swift; path = MovieGridViewController.swift; sourceTree = "<group>"; };
		17EDCCD526A21BCC005B8378 /* MovieGridCell.swift */ = {isa = PBXFileReference; lastKnownFileType = sourcecode.swift; path = MovieGridCell.swift; sourceTree = "<group>"; };
/* End PBXFileReference section */

/* Begin PBXFrameworksBuildPhase section */
		170902072697A9D900D1993D /* Frameworks */ = {
			isa = PBXFrameworksBuildPhase;
			buildActionMask = 2147483647;
			files = (
				17090243269821F600D1993D /* AlamofireImage in Frameworks */,
			);
			runOnlyForDeploymentPostprocessing = 0;
		};
		1709021D2697A9DA00D1993D /* Frameworks */ = {
			isa = PBXFrameworksBuildPhase;
			buildActionMask = 2147483647;
			files = (
			);
			runOnlyForDeploymentPostprocessing = 0;
		};
		170902282697A9DA00D1993D /* Frameworks */ = {
			isa = PBXFrameworksBuildPhase;
			buildActionMask = 2147483647;
			files = (
			);
			runOnlyForDeploymentPostprocessing = 0;
		};
/* End PBXFrameworksBuildPhase section */

/* Begin PBXGroup section */
		170902012697A9D900D1993D = {
			isa = PBXGroup;
			children = (
				1709020C2697A9D900D1993D /* FlixApp */,
				170902232697A9DA00D1993D /* FlixAppTests */,
				1709022E2697A9DA00D1993D /* FlixAppUITests */,
				1709020B2697A9D900D1993D /* Products */,
			);
			sourceTree = "<group>";
		};
		1709020B2697A9D900D1993D /* Products */ = {
			isa = PBXGroup;
			children = (
				1709020A2697A9D900D1993D /* FlixApp.app */,
				170902202697A9DA00D1993D /* FlixAppTests.xctest */,
				1709022B2697A9DA00D1993D /* FlixAppUITests.xctest */,
			);
			name = Products;
			sourceTree = "<group>";
		};
		1709020C2697A9D900D1993D /* FlixApp */ = {
			isa = PBXGroup;
			children = (
				1709020D2697A9D900D1993D /* AppDelegate.swift */,
				1709023D2697AB6C00D1993D /* MoviesViewController.swift */,
				1709020F2697A9D900D1993D /* SceneDelegate.swift */,
				170902132697A9D900D1993D /* Main.storyboard */,
				170902162697A9DA00D1993D /* Assets.xcassets */,
				170902182697A9DA00D1993D /* LaunchScreen.storyboard */,
				1709021B2697A9DA00D1993D /* Info.plist */,
				1709023F26981E9C00D1993D /* MovieCell.swift */,
				17EDCCD126A20CF3005B8378 /* MovieDetailsViewController.swift */,
				17EDCCD326A217BD005B8378 /* MovieGridViewController.swift */,
				17EDCCD526A21BCC005B8378 /* MovieGridCell.swift */,
			);
			path = FlixApp;
			sourceTree = "<group>";
		};
		170902232697A9DA00D1993D /* FlixAppTests */ = {
			isa = PBXGroup;
			children = (
				170902242697A9DA00D1993D /* FlixAppTests.swift */,
				170902262697A9DA00D1993D /* Info.plist */,
			);
			path = FlixAppTests;
			sourceTree = "<group>";
		};
		1709022E2697A9DA00D1993D /* FlixAppUITests */ = {
			isa = PBXGroup;
			children = (
				1709022F2697A9DA00D1993D /* FlixAppUITests.swift */,
				170902312697A9DA00D1993D /* Info.plist */,
			);
			path = FlixAppUITests;
			sourceTree = "<group>";
		};
/* End PBXGroup section */

/* Begin PBXNativeTarget section */
		170902092697A9D900D1993D /* FlixApp */ = {
			isa = PBXNativeTarget;
			buildConfigurationList = 170902342697A9DA00D1993D /* Build configuration list for PBXNativeTarget "FlixApp" */;
			buildPhases = (
				170902062697A9D900D1993D /* Sources */,
				170902072697A9D900D1993D /* Frameworks */,
				170902082697A9D900D1993D /* Resources */,
			);
			buildRules = (
			);
			dependencies = (
			);
			name = FlixApp;
			packageProductDependencies = (
				17090242269821F600D1993D /* AlamofireImage */,
			);
			productName = FlixApp;
			productReference = 1709020A2697A9D900D1993D /* FlixApp.app */;
			productType = "com.apple.product-type.application";
		};
		1709021F2697A9DA00D1993D /* FlixAppTests */ = {
			isa = PBXNativeTarget;
			buildConfigurationList = 170902372697A9DA00D1993D /* Build configuration list for PBXNativeTarget "FlixAppTests" */;
			buildPhases = (
				1709021C2697A9DA00D1993D /* Sources */,
				1709021D2697A9DA00D1993D /* Frameworks */,
				1709021E2697A9DA00D1993D /* Resources */,
			);
			buildRules = (
			);
			dependencies = (
				170902222697A9DA00D1993D /* PBXTargetDependency */,
			);
			name = FlixAppTests;
			productName = FlixAppTests;
			productReference = 170902202697A9DA00D1993D /* FlixAppTests.xctest */;
			productType = "com.apple.product-type.bundle.unit-test";
		};
		1709022A2697A9DA00D1993D /* FlixAppUITests */ = {
			isa = PBXNativeTarget;
			buildConfigurationList = 1709023A2697A9DA00D1993D /* Build configuration list for PBXNativeTarget "FlixAppUITests" */;
			buildPhases = (
				170902272697A9DA00D1993D /* Sources */,
				170902282697A9DA00D1993D /* Frameworks */,
				170902292697A9DA00D1993D /* Resources */,
			);
			buildRules = (
			);
			dependencies = (
				1709022D2697A9DA00D1993D /* PBXTargetDependency */,
			);
			name = FlixAppUITests;
			productName = FlixAppUITests;
			productReference = 1709022B2697A9DA00D1993D /* FlixAppUITests.xctest */;
			productType = "com.apple.product-type.bundle.ui-testing";
		};
/* End PBXNativeTarget section */

/* Begin PBXProject section */
		170902022697A9D900D1993D /* Project object */ = {
			isa = PBXProject;
			attributes = {
				LastSwiftUpdateCheck = 1250;
				LastUpgradeCheck = 1250;
				TargetAttributes = {
					170902092697A9D900D1993D = {
						CreatedOnToolsVersion = 12.5.1;
					};
					1709021F2697A9DA00D1993D = {
						CreatedOnToolsVersion = 12.5.1;
						TestTargetID = 170902092697A9D900D1993D;
					};
					1709022A2697A9DA00D1993D = {
						CreatedOnToolsVersion = 12.5.1;
						TestTargetID = 170902092697A9D900D1993D;
					};
				};
			};
			buildConfigurationList = 170902052697A9D900D1993D /* Build configuration list for PBXProject "FlixApp" */;
			compatibilityVersion = "Xcode 9.3";
			developmentRegion = en;
			hasScannedForEncodings = 0;
			knownRegions = (
				en,
				Base,
			);
			mainGroup = 170902012697A9D900D1993D;
			packageReferences = (
				17090241269821F600D1993D /* XCRemoteSwiftPackageReference "AlamofireImage" */,
			);
			productRefGroup = 1709020B2697A9D900D1993D /* Products */;
			projectDirPath = "";
			projectRoot = "";
			targets = (
				170902092697A9D900D1993D /* FlixApp */,
				1709021F2697A9DA00D1993D /* FlixAppTests */,
				1709022A2697A9DA00D1993D /* FlixAppUITests */,
			);
		};
/* End PBXProject section */

/* Begin PBXResourcesBuildPhase section */
		170902082697A9D900D1993D /* Resources */ = {
			isa = PBXResourcesBuildPhase;
			buildActionMask = 2147483647;
			files = (
				1709021A2697A9DA00D1993D /* LaunchScreen.storyboard in Resources */,
				170902172697A9DA00D1993D /* Assets.xcassets in Resources */,
				170902152697A9D900D1993D /* Main.storyboard in Resources */,
			);
			runOnlyForDeploymentPostprocessing = 0;
		};
		1709021E2697A9DA00D1993D /* Resources */ = {
			isa = PBXResourcesBuildPhase;
			buildActionMask = 2147483647;
			files = (
			);
			runOnlyForDeploymentPostprocessing = 0;
		};
		170902292697A9DA00D1993D /* Resources */ = {
			isa = PBXResourcesBuildPhase;
			buildActionMask = 2147483647;
			files = (
			);
			runOnlyForDeploymentPostprocessing = 0;
		};
/* End PBXResourcesBuildPhase section */

/* Begin PBXSourcesBuildPhase section */
		170902062697A9D900D1993D /* Sources */ = {
			isa = PBXSourcesBuildPhase;
			buildActionMask = 2147483647;
			files = (
				17EDCCD226A20CF3005B8378 /* MovieDetailsViewController.swift in Sources */,
				1709020E2697A9D900D1993D /* AppDelegate.swift in Sources */,
				170902102697A9D900D1993D /* SceneDelegate.swift in Sources */,
				1709024026981E9C00D1993D /* MovieCell.swift in Sources */,
				1709023E2697AB6C00D1993D /* MoviesViewController.swift in Sources */,
				17EDCCD426A217BD005B8378 /* MovieGridViewController.swift in Sources */,
				17EDCCD626A21BCC005B8378 /* MovieGridCell.swift in Sources */,
			);
			runOnlyForDeploymentPostprocessing = 0;
		};
		1709021C2697A9DA00D1993D /* Sources */ = {
			isa = PBXSourcesBuildPhase;
			buildActionMask = 2147483647;
			files = (
				170902252697A9DA00D1993D /* FlixAppTests.swift in Sources */,
			);
			runOnlyForDeploymentPostprocessing = 0;
		};
		170902272697A9DA00D1993D /* Sources */ = {
			isa = PBXSourcesBuildPhase;
			buildActionMask = 2147483647;
			files = (
				170902302697A9DA00D1993D /* FlixAppUITests.swift in Sources */,
			);
			runOnlyForDeploymentPostprocessing = 0;
		};
/* End PBXSourcesBuildPhase section */

/* Begin PBXTargetDependency section */
		170902222697A9DA00D1993D /* PBXTargetDependency */ = {
			isa = PBXTargetDependency;
			target = 170902092697A9D900D1993D /* FlixApp */;
			targetProxy = 170902212697A9DA00D1993D /* PBXContainerItemProxy */;
		};
		1709022D2697A9DA00D1993D /* PBXTargetDependency */ = {
			isa = PBXTargetDependency;
			target = 170902092697A9D900D1993D /* FlixApp */;
			targetProxy = 1709022C2697A9DA00D1993D /* PBXContainerItemProxy */;
		};
/* End PBXTargetDependency section */

/* Begin PBXVariantGroup section */
		170902132697A9D900D1993D /* Main.storyboard */ = {
			isa = PBXVariantGroup;
			children = (
				170902142697A9D900D1993D /* Base */,
			);
			name = Main.storyboard;
			sourceTree = "<group>";
		};
		170902182697A9DA00D1993D /* LaunchScreen.storyboard */ = {
			isa = PBXVariantGroup;
			children = (
				170902192697A9DA00D1993D /* Base */,
			);
			name = LaunchScreen.storyboard;
			sourceTree = "<group>";
		};
/* End PBXVariantGroup section */

/* Begin XCBuildConfiguration section */
		170902322697A9DA00D1993D /* Debug */ = {
			isa = XCBuildConfiguration;
			buildSettings = {
				ALWAYS_SEARCH_USER_PATHS = NO;
				CLANG_ANALYZER_NONNULL = YES;
				CLANG_ANALYZER_NUMBER_OBJECT_CONVERSION = YES_AGGRESSIVE;
				CLANG_CXX_LANGUAGE_STANDARD = "gnu++14";
				CLANG_CXX_LIBRARY = "libc++";
				CLANG_ENABLE_MODULES = YES;
				CLANG_ENABLE_OBJC_ARC = YES;
				CLANG_ENABLE_OBJC_WEAK = YES;
				CLANG_WARN_BLOCK_CAPTURE_AUTORELEASING = YES;
				CLANG_WARN_BOOL_CONVERSION = YES;
				CLANG_WARN_COMMA = YES;
				CLANG_WARN_CONSTANT_CONVERSION = YES;
				CLANG_WARN_DEPRECATED_OBJC_IMPLEMENTATIONS = YES;
				CLANG_WARN_DIRECT_OBJC_ISA_USAGE = YES_ERROR;
				CLANG_WARN_DOCUMENTATION_COMMENTS = YES;
				CLANG_WARN_EMPTY_BODY = YES;
				CLANG_WARN_ENUM_CONVERSION = YES;
				CLANG_WARN_INFINITE_RECURSION = YES;
				CLANG_WARN_INT_CONVERSION = YES;
				CLANG_WARN_NON_LITERAL_NULL_CONVERSION = YES;
				CLANG_WARN_OBJC_IMPLICIT_RETAIN_SELF = YES;
				CLANG_WARN_OBJC_LITERAL_CONVERSION = YES;
				CLANG_WARN_OBJC_ROOT_CLASS = YES_ERROR;
				CLANG_WARN_QUOTED_INCLUDE_IN_FRAMEWORK_HEADER = YES;
				CLANG_WARN_RANGE_LOOP_ANALYSIS = YES;
				CLANG_WARN_STRICT_PROTOTYPES = YES;
				CLANG_WARN_SUSPICIOUS_MOVE = YES;
				CLANG_WARN_UNGUARDED_AVAILABILITY = YES_AGGRESSIVE;
				CLANG_WARN_UNREACHABLE_CODE = YES;
				CLANG_WARN__DUPLICATE_METHOD_MATCH = YES;
				COPY_PHASE_STRIP = NO;
				DEBUG_INFORMATION_FORMAT = dwarf;
				ENABLE_STRICT_OBJC_MSGSEND = YES;
				ENABLE_TESTABILITY = YES;
				GCC_C_LANGUAGE_STANDARD = gnu11;
				GCC_DYNAMIC_NO_PIC = NO;
				GCC_NO_COMMON_BLOCKS = YES;
				GCC_OPTIMIZATION_LEVEL = 0;
				GCC_PREPROCESSOR_DEFINITIONS = (
					"DEBUG=1",
					"$(inherited)",
				);
				GCC_WARN_64_TO_32_BIT_CONVERSION = YES;
				GCC_WARN_ABOUT_RETURN_TYPE = YES_ERROR;
				GCC_WARN_UNDECLARED_SELECTOR = YES;
				GCC_WARN_UNINITIALIZED_AUTOS = YES_AGGRESSIVE;
				GCC_WARN_UNUSED_FUNCTION = YES;
				GCC_WARN_UNUSED_VARIABLE = YES;
				IPHONEOS_DEPLOYMENT_TARGET = 14.5;
				MTL_ENABLE_DEBUG_INFO = INCLUDE_SOURCE;
				MTL_FAST_MATH = YES;
				ONLY_ACTIVE_ARCH = YES;
				SDKROOT = iphoneos;
				SWIFT_ACTIVE_COMPILATION_CONDITIONS = DEBUG;
				SWIFT_OPTIMIZATION_LEVEL = "-Onone";
			};
			name = Debug;
		};
		170902332697A9DA00D1993D /* Release */ = {
			isa = XCBuildConfiguration;
			buildSettings = {
				ALWAYS_SEARCH_USER_PATHS = NO;
				CLANG_ANALYZER_NONNULL = YES;
				CLANG_ANALYZER_NUMBER_OBJECT_CONVERSION = YES_AGGRESSIVE;
				CLANG_CXX_LANGUAGE_STANDARD = "gnu++14";
				CLANG_CXX_LIBRARY = "libc++";
				CLANG_ENABLE_MODULES = YES;
				CLANG_ENABLE_OBJC_ARC = YES;
				CLANG_ENABLE_OBJC_WEAK = YES;
				CLANG_WARN_BLOCK_CAPTURE_AUTORELEASING = YES;
				CLANG_WARN_BOOL_CONVERSION = YES;
				CLANG_WARN_COMMA = YES;
				CLANG_WARN_CONSTANT_CONVERSION = YES;
				CLANG_WARN_DEPRECATED_OBJC_IMPLEMENTATIONS = YES;
				CLANG_WARN_DIRECT_OBJC_ISA_USAGE = YES_ERROR;
				CLANG_WARN_DOCUMENTATION_COMMENTS = YES;
				CLANG_WARN_EMPTY_BODY = YES;
				CLANG_WARN_ENUM_CONVERSION = YES;
				CLANG_WARN_INFINITE_RECURSION = YES;
				CLANG_WARN_INT_CONVERSION = YES;
				CLANG_WARN_NON_LITERAL_NULL_CONVERSION = YES;
				CLANG_WARN_OBJC_IMPLICIT_RETAIN_SELF = YES;
				CLANG_WARN_OBJC_LITERAL_CONVERSION = YES;
				CLANG_WARN_OBJC_ROOT_CLASS = YES_ERROR;
				CLANG_WARN_QUOTED_INCLUDE_IN_FRAMEWORK_HEADER = YES;
				CLANG_WARN_RANGE_LOOP_ANALYSIS = YES;
				CLANG_WARN_STRICT_PROTOTYPES = YES;
				CLANG_WARN_SUSPICIOUS_MOVE = YES;
				CLANG_WARN_UNGUARDED_AVAILABILITY = YES_AGGRESSIVE;
				CLANG_WARN_UNREACHABLE_CODE = YES;
				CLANG_WARN__DUPLICATE_METHOD_MATCH = YES;
				COPY_PHASE_STRIP = NO;
				DEBUG_INFORMATION_FORMAT = "dwarf-with-dsym";
				ENABLE_NS_ASSERTIONS = NO;
				ENABLE_STRICT_OBJC_MSGSEND = YES;
				GCC_C_LANGUAGE_STANDARD = gnu11;
				GCC_NO_COMMON_BLOCKS = YES;
				GCC_WARN_64_TO_32_BIT_CONVERSION = YES;
				GCC_WARN_ABOUT_RETURN_TYPE = YES_ERROR;
				GCC_WARN_UNDECLARED_SELECTOR = YES;
				GCC_WARN_UNINITIALIZED_AUTOS = YES_AGGRESSIVE;
				GCC_WARN_UNUSED_FUNCTION = YES;
				GCC_WARN_UNUSED_VARIABLE = YES;
				IPHONEOS_DEPLOYMENT_TARGET = 14.5;
				MTL_ENABLE_DEBUG_INFO = NO;
				MTL_FAST_MATH = YES;
				SDKROOT = iphoneos;
				SWIFT_COMPILATION_MODE = wholemodule;
				SWIFT_OPTIMIZATION_LEVEL = "-O";
				VALIDATE_PRODUCT = YES;
			};
			name = Release;
		};
		170902352697A9DA00D1993D /* Debug */ = {
			isa = XCBuildConfiguration;
			buildSettings = {
				ASSETCATALOG_COMPILER_APPICON_NAME = AppIcon;
				ASSETCATALOG_COMPILER_GLOBAL_ACCENT_COLOR_NAME = AccentColor;
				CODE_SIGN_STYLE = Automatic;
				DEVELOPMENT_TEAM = 4CYXSB75LK;
				INFOPLIST_FILE = FlixApp/Info.plist;
				LD_RUNPATH_SEARCH_PATHS = (
					"$(inherited)",
					"@executable_path/Frameworks",
				);
				PRODUCT_BUNDLE_IDENTIFIER = com.NabilFayak.FlixApp;
				PRODUCT_NAME = "$(TARGET_NAME)";
				SWIFT_VERSION = 5.0;
				TARGETED_DEVICE_FAMILY = "1,2";
			};
			name = Debug;
		};
		170902362697A9DA00D1993D /* Release */ = {
			isa = XCBuildConfiguration;
			buildSettings = {
				ASSETCATALOG_COMPILER_APPICON_NAME = AppIcon;
				ASSETCATALOG_COMPILER_GLOBAL_ACCENT_COLOR_NAME = AccentColor;
				CODE_SIGN_STYLE = Automatic;
				DEVELOPMENT_TEAM = 4CYXSB75LK;
				INFOPLIST_FILE = FlixApp/Info.plist;
				LD_RUNPATH_SEARCH_PATHS = (
					"$(inherited)",
					"@executable_path/Frameworks",
				);
				PRODUCT_BUNDLE_IDENTIFIER = com.NabilFayak.FlixApp;
				PRODUCT_NAME = "$(TARGET_NAME)";
				SWIFT_VERSION = 5.0;
				TARGETED_DEVICE_FAMILY = "1,2";
			};
			name = Release;
		};
		170902382697A9DA00D1993D /* Debug */ = {
			isa = XCBuildConfiguration;
			buildSettings = {
				ALWAYS_EMBED_SWIFT_STANDARD_LIBRARIES = YES;
				BUNDLE_LOADER = "$(TEST_HOST)";
				CODE_SIGN_STYLE = Automatic;
				DEVELOPMENT_TEAM = 4CYXSB75LK;
				INFOPLIST_FILE = FlixAppTests/Info.plist;
				IPHONEOS_DEPLOYMENT_TARGET = 14.5;
				LD_RUNPATH_SEARCH_PATHS = (
					"$(inherited)",
					"@executable_path/Frameworks",
					"@loader_path/Frameworks",
				);
				PRODUCT_BUNDLE_IDENTIFIER = com.NabilFayak.FlixAppTests;
				PRODUCT_NAME = "$(TARGET_NAME)";
				SWIFT_VERSION = 5.0;
				TARGETED_DEVICE_FAMILY = "1,2";
				TEST_HOST = "$(BUILT_PRODUCTS_DIR)/FlixApp.app/FlixApp";
			};
			name = Debug;
		};
		170902392697A9DA00D1993D /* Release */ = {
			isa = XCBuildConfiguration;
			buildSettings = {
				ALWAYS_EMBED_SWIFT_STANDARD_LIBRARIES = YES;
				BUNDLE_LOADER = "$(TEST_HOST)";
				CODE_SIGN_STYLE = Automatic;
				DEVELOPMENT_TEAM = 4CYXSB75LK;
				INFOPLIST_FILE = FlixAppTests/Info.plist;
				IPHONEOS_DEPLOYMENT_TARGET = 14.5;
				LD_RUNPATH_SEARCH_PATHS = (
					"$(inherited)",
					"@executable_path/Frameworks",
					"@loader_path/Frameworks",
				);
				PRODUCT_BUNDLE_IDENTIFIER = com.NabilFayak.FlixAppTests;
				PRODUCT_NAME = "$(TARGET_NAME)";
				SWIFT_VERSION = 5.0;
				TARGETED_DEVICE_FAMILY = "1,2";
				TEST_HOST = "$(BUILT_PRODUCTS_DIR)/FlixApp.app/FlixApp";
			};
			name = Release;
		};
		1709023B2697A9DA00D1993D /* Debug */ = {
			isa = XCBuildConfiguration;
			buildSettings = {
				ALWAYS_EMBED_SWIFT_STANDARD_LIBRARIES = YES;
				CODE_SIGN_STYLE = Automatic;
				DEVELOPMENT_TEAM = 4CYXSB75LK;
				INFOPLIST_FILE = FlixAppUITests/Info.plist;
				LD_RUNPATH_SEARCH_PATHS = (
					"$(inherited)",
					"@executable_path/Frameworks",
					"@loader_path/Frameworks",
				);
				PRODUCT_BUNDLE_IDENTIFIER = com.NabilFayak.FlixAppUITests;
				PRODUCT_NAME = "$(TARGET_NAME)";
				SWIFT_VERSION = 5.0;
				TARGETED_DEVICE_FAMILY = "1,2";
				TEST_TARGET_NAME = FlixApp;
			};
			name = Debug;
		};
		1709023C2697A9DA00D1993D /* Release */ = {
			isa = XCBuildConfiguration;
			buildSettings = {
				ALWAYS_EMBED_SWIFT_STANDARD_LIBRARIES = YES;
				CODE_SIGN_STYLE = Automatic;
				DEVELOPMENT_TEAM = 4CYXSB75LK;
				INFOPLIST_FILE = FlixAppUITests/Info.plist;
				LD_RUNPATH_SEARCH_PATHS = (
					"$(inherited)",
					"@executable_path/Frameworks",
					"@loader_path/Frameworks",
				);
				PRODUCT_BUNDLE_IDENTIFIER = com.NabilFayak.FlixAppUITests;
				PRODUCT_NAME = "$(TARGET_NAME)";
				SWIFT_VERSION = 5.0;
				TARGETED_DEVICE_FAMILY = "1,2";
				TEST_TARGET_NAME = FlixApp;
			};
			name = Release;
		};
/* End XCBuildConfiguration section */

/* Begin XCConfigurationList section */
		170902052697A9D900D1993D /* Build configuration list for PBXProject "FlixApp" */ = {
			isa = XCConfigurationList;
			buildConfigurations = (
				170902322697A9DA00D1993D /* Debug */,
				170902332697A9DA00D1993D /* Release */,
			);
			defaultConfigurationIsVisible = 0;
			defaultConfigurationName = Release;
		};
		170902342697A9DA00D1993D /* Build configuration list for PBXNativeTarget "FlixApp" */ = {
			isa = XCConfigurationList;
			buildConfigurations = (
				170902352697A9DA00D1993D /* Debug */,
				170902362697A9DA00D1993D /* Release */,
			);
			defaultConfigurationIsVisible = 0;
			defaultConfigurationName = Release;
		};
		170902372697A9DA00D1993D /* Build configuration list for PBXNativeTarget "FlixAppTests" */ = {
			isa = XCConfigurationList;
			buildConfigurations = (
				170902382697A9DA00D1993D /* Debug */,
				170902392697A9DA00D1993D /* Release */,
			);
			defaultConfigurationIsVisible = 0;
			defaultConfigurationName = Release;
		};
		1709023A2697A9DA00D1993D /* Build configuration list for PBXNativeTarget "FlixAppUITests" */ = {
			isa = XCConfigurationList;
			buildConfigurations = (
				1709023B2697A9DA00D1993D /* Debug */,
				1709023C2697A9DA00D1993D /* Release */,
			);
			defaultConfigurationIsVisible = 0;
			defaultConfigurationName = Release;
		};
/* End XCConfigurationList section */

/* Begin XCRemoteSwiftPackageReference section */
		17090241269821F600D1993D /* XCRemoteSwiftPackageReference "AlamofireImage" */ = {
			isa = XCRemoteSwiftPackageReference;
			repositoryURL = "https://github.com/Alamofire/AlamofireImage";
			requirement = {
				kind = upToNextMajorVersion;
				minimumVersion = 4.2.0;
			};
		};
/* End XCRemoteSwiftPackageReference section */

/* Begin XCSwiftPackageProductDependency section */
		17090242269821F600D1993D /* AlamofireImage */ = {
			isa = XCSwiftPackageProductDependency;
			package = 17090241269821F600D1993D /* XCRemoteSwiftPackageReference "AlamofireImage" */;
			productName = AlamofireImage;
		};
/* End XCSwiftPackageProductDependency section */
	};
	rootObject = 170902022697A9D900D1993D /* Project object */;
}
